
Microsoft Visual Studio Solution File, Format Version 12.00
# Visual Studio Version 16
VisualStudioVersion = 25.0.1700.7
MinimumVisualStudioVersion = 10.0.40219.1
Project("{FAE04EC0-301F-11D3-BF4B-00C04F79EFBC}") = "WeatherApi", "WeatherApi\WeatherApi.csproj", "{780D22A3-ACDF-41DB-80C3-B474AC20A2B3}"
EndProject
Project("{FAE04EC0-301F-11D3-BF4B-00C04F79EFBC}") = "UnitTesting", "UnitTesting\UnitTesting.csproj", "{ECEA4BF9-7198-47A5-A25C-C64806696496}"
EndProject
Global
	GlobalSection(SolutionConfigurationPlatforms) = preSolution
		Debug|Any CPU = Debug|Any CPU
		Release|Any CPU = Release|Any CPU
	EndGlobalSection
	GlobalSection(ProjectConfigurationPlatforms) = postSolution
		{780D22A3-ACDF-41DB-80C3-B474AC20A2B3}.Debug|Any CPU.ActiveCfg = Debug|Any CPU
		{780D22A3-ACDF-41DB-80C3-B474AC20A2B3}.Debug|Any CPU.Build.0 = Debug|Any CPU
		{780D22A3-ACDF-41DB-80C3-B474AC20A2B3}.Release|Any CPU.ActiveCfg = Release|Any CPU
		{780D22A3-ACDF-41DB-80C3-B474AC20A2B3}.Release|Any CPU.Build.0 = Release|Any CPU
		{ECEA4BF9-7198-47A5-A25C-C64806696496}.Debug|Any CPU.ActiveCfg = Debug|Any CPU
		{ECEA4BF9-7198-47A5-A25C-C64806696496}.Debug|Any CPU.Build.0 = Debug|Any CPU
		{ECEA4BF9-7198-47A5-A25C-C64806696496}.Release|Any CPU.ActiveCfg = Release|Any CPU
		{ECEA4BF9-7198-47A5-A25C-C64806696496}.Release|Any CPU.Build.0 = Release|Any CPU
	EndGlobalSection
	GlobalSection(SolutionProperties) = preSolution
		HideSolutionNode = FALSE
	EndGlobalSection
	GlobalSection(ExtensibilityGlobals) = postSolution
		SolutionGuid = {18643B20-FB97-4492-96D3-362F3DB26439}
	EndGlobalSection
EndGlobal
